// !$*UTF8*$!
{
	archiveVersion = 1;
	classes = {
	};
	objectVersion = 51;
	objects = {

/* Begin PBXBuildFile section */
		16345805231708C8000D572A /* SimpleVideoViewController.swift in Sources */ = {isa = PBXBuildFile; fileRef = 16345804231708C8000D572A /* SimpleVideoViewController.swift */; };
		16E088F2230C676600921C11 /* AppDelegate.swift in Sources */ = {isa = PBXBuildFile; fileRef = 16E088F1230C676600921C11 /* AppDelegate.swift */; };
		16E088F4230C676600921C11 /* MainViewController.swift in Sources */ = {isa = PBXBuildFile; fileRef = 16E088F3230C676600921C11 /* MainViewController.swift */; };
		16E088FC230C676C00921C11 /* LaunchScreen.storyboard in Resources */ = {isa = PBXBuildFile; fileRef = 16E088FA230C676C00921C11 /* LaunchScreen.storyboard */; };
		A4BBF38F2318E1A200E7B1D3 /* LottieViewCell.swift in Sources */ = {isa = PBXBuildFile; fileRef = A4BBF38E2318E1A200E7B1D3 /* LottieViewCell.swift */; };
		A4BBF3C12318E7DA00E7B1D3 /* Assets.xcassets in Resources */ = {isa = PBXBuildFile; fileRef = 16E088F8230C676C00921C11 /* Assets.xcassets */; };
		BAD1FD60320DA930A568688A /* Pods_stmovie.framework in Frameworks */ = {isa = PBXBuildFile; fileRef = BB2FF6FAC6789D269E234A7F /* Pods_stmovie.framework */; };
/* End PBXBuildFile section */

/* Begin PBXFileReference section */
		16345804231708C8000D572A /* SimpleVideoViewController.swift */ = {isa = PBXFileReference; lastKnownFileType = sourcecode.swift; path = SimpleVideoViewController.swift; sourceTree = "<group>"; };
		16E088EE230C676600921C11 /* stmovie.app */ = {isa = PBXFileReference; explicitFileType = wrapper.application; includeInIndex = 0; path = stmovie.app; sourceTree = BUILT_PRODUCTS_DIR; };
		16E088F1230C676600921C11 /* AppDelegate.swift */ = {isa = PBXFileReference; lastKnownFileType = sourcecode.swift; path = AppDelegate.swift; sourceTree = "<group>"; };
		16E088F3230C676600921C11 /* MainViewController.swift */ = {isa = PBXFileReference; lastKnownFileType = sourcecode.swift; path = MainViewController.swift; sourceTree = "<group>"; };
		16E088F8230C676C00921C11 /* Assets.xcassets */ = {isa = PBXFileReference; lastKnownFileType = folder.assetcatalog; path = Assets.xcassets; sourceTree = "<group>"; };
		16E088FB230C676C00921C11 /* Base */ = {isa = PBXFileReference; lastKnownFileType = file.storyboard; name = Base; path = Base.lproj/LaunchScreen.storyboard; sourceTree = "<group>"; };
		16E088FD230C676C00921C11 /* Info.plist */ = {isa = PBXFileReference; lastKnownFileType = text.plist.xml; path = Info.plist; sourceTree = "<group>"; };
		2B3794DC36D336646815E447 /* Pods-stmovie.debug.xcconfig */ = {isa = PBXFileReference; includeInIndex = 1; lastKnownFileType = text.xcconfig; name = "Pods-stmovie.debug.xcconfig"; path = "Target Support Files/Pods-stmovie/Pods-stmovie.debug.xcconfig"; sourceTree = "<group>"; };
		A4BBF38E2318E1A200E7B1D3 /* LottieViewCell.swift */ = {isa = PBXFileReference; lastKnownFileType = sourcecode.swift; path = LottieViewCell.swift; sourceTree = "<group>"; };
		A4BBF3912318E5EF00E7B1D3 /* LottieLogo1.json */ = {isa = PBXFileReference; fileEncoding = 4; lastKnownFileType = text.json; path = LottieLogo1.json; sourceTree = "<group>"; };
		A4BBF3922318E5EF00E7B1D3 /* MotionCorpse-Jrcanest.json */ = {isa = PBXFileReference; fileEncoding = 4; lastKnownFileType = text.json; path = "MotionCorpse-Jrcanest.json"; sourceTree = "<group>"; };
		A4BBF3932318E5F000E7B1D3 /* HamburgerArrow.json */ = {isa = PBXFileReference; fileEncoding = 4; lastKnownFileType = text.json; path = HamburgerArrow.json; sourceTree = "<group>"; };
		A4BBF3942318E5F000E7B1D3 /* keypathTest.json */ = {isa = PBXFileReference; fileEncoding = 4; lastKnownFileType = text.json; path = keypathTest.json; sourceTree = "<group>"; };
		A4BBF3952318E5F000E7B1D3 /* base64Test.json */ = {isa = PBXFileReference; fileEncoding = 4; lastKnownFileType = text.json; path = base64Test.json; sourceTree = "<group>"; };
		A4BBF3962318E5F000E7B1D3 /* timeremap.json */ = {isa = PBXFileReference; fileEncoding = 4; lastKnownFileType = text.json; path = timeremap.json; sourceTree = "<group>"; };
		A4BBF3972318E5F000E7B1D3 /* TwitterHeartButton.json */ = {isa = PBXFileReference; fileEncoding = 4; lastKnownFileType = text.json; path = TwitterHeartButton.json; sourceTree = "<group>"; };
		A4BBF3982318E5F000E7B1D3 /* vcTransition1.json */ = {isa = PBXFileReference; fileEncoding = 4; lastKnownFileType = text.json; path = vcTransition1.json; sourceTree = "<group>"; };
		A4BBF3992318E5F000E7B1D3 /* 9squares-AlBoardman.json */ = {isa = PBXFileReference; fileEncoding = 4; lastKnownFileType = text.json; path = "9squares-AlBoardman.json"; sourceTree = "<group>"; };
		A4BBF39A2318E5F000E7B1D3 /* FirstText.json */ = {isa = PBXFileReference; fileEncoding = 4; lastKnownFileType = text.json; path = FirstText.json; sourceTree = "<group>"; };
		A4BBF39B2318E5F000E7B1D3 /* LottieLogo1_masked.json */ = {isa = PBXFileReference; fileEncoding = 4; lastKnownFileType = text.json; path = LottieLogo1_masked.json; sourceTree = "<group>"; };
		A4BBF39C2318E5F000E7B1D3 /* Switch.json */ = {isa = PBXFileReference; fileEncoding = 4; lastKnownFileType = text.json; path = Switch.json; sourceTree = "<group>"; };
		A4BBF39D2318E5F000E7B1D3 /* TwitterHeart.json */ = {isa = PBXFileReference; fileEncoding = 4; lastKnownFileType = text.json; path = TwitterHeart.json; sourceTree = "<group>"; };
		A4BBF39E2318E5F000E7B1D3 /* setValueTest.json */ = {isa = PBXFileReference; fileEncoding = 4; lastKnownFileType = text.json; path = setValueTest.json; sourceTree = "<group>"; };
		A4BBF39F2318E5F000E7B1D3 /* IconTransitions.json */ = {isa = PBXFileReference; fileEncoding = 4; lastKnownFileType = text.json; path = IconTransitions.json; sourceTree = "<group>"; };
		A4BBF3A02318E5F000E7B1D3 /* PinJump.json */ = {isa = PBXFileReference; fileEncoding = 4; lastKnownFileType = text.json; path = PinJump.json; sourceTree = "<group>"; };
		A4BBF3A12318E5F000E7B1D3 /* LottieLogo2.json */ = {isa = PBXFileReference; fileEncoding = 4; lastKnownFileType = text.json; path = LottieLogo2.json; sourceTree = "<group>"; };
		A4BBF3A22318E5F000E7B1D3 /* GeometryTransformTest.json */ = {isa = PBXFileReference; fileEncoding = 4; lastKnownFileType = text.json; path = GeometryTransformTest.json; sourceTree = "<group>"; };
		A4BBF3A32318E5F000E7B1D3 /* Boat_Loader.json */ = {isa = PBXFileReference; fileEncoding = 4; lastKnownFileType = text.json; path = Boat_Loader.json; sourceTree = "<group>"; };
		A4BBF3A42318E5F000E7B1D3 /* Switch_States.json */ = {isa = PBXFileReference; fileEncoding = 4; lastKnownFileType = text.json; path = Switch_States.json; sourceTree = "<group>"; };
		A4BBF3A52318E5F000E7B1D3 /* vcTransition2.json */ = {isa = PBXFileReference; fileEncoding = 4; lastKnownFileType = text.json; path = vcTransition2.json; sourceTree = "<group>"; };
		A4BBF3A62318E5F000E7B1D3 /* Watermelon.json */ = {isa = PBXFileReference; fileEncoding = 4; lastKnownFileType = text.json; path = Watermelon.json; sourceTree = "<group>"; };
		A4BBF3A72318E5F100E7B1D3 /* TypeFace */ = {isa = PBXFileReference; lastKnownFileType = folder; path = TypeFace; sourceTree = "<group>"; };
		BB2FF6FAC6789D269E234A7F /* Pods_stmovie.framework */ = {isa = PBXFileReference; explicitFileType = wrapper.framework; includeInIndex = 0; path = Pods_stmovie.framework; sourceTree = BUILT_PRODUCTS_DIR; };
		D9675536325CB34210FBEF5D /* Pods-stmovie.release.xcconfig */ = {isa = PBXFileReference; includeInIndex = 1; lastKnownFileType = text.xcconfig; name = "Pods-stmovie.release.xcconfig"; path = "Target Support Files/Pods-stmovie/Pods-stmovie.release.xcconfig"; sourceTree = "<group>"; };
/* End PBXFileReference section */

/* Begin PBXFrameworksBuildPhase section */
		16E088EB230C676600921C11 /* Frameworks */ = {
			isa = PBXFrameworksBuildPhase;
			buildActionMask = 2147483647;
			files = (
				BAD1FD60320DA930A568688A /* Pods_stmovie.framework in Frameworks */,
			);
			runOnlyForDeploymentPostprocessing = 0;
		};
/* End PBXFrameworksBuildPhase section */

/* Begin PBXGroup section */
		16E088E5230C676600921C11 = {
			isa = PBXGroup;
			children = (
				16E088F0230C676600921C11 /* stmovie */,
				16E088EF230C676600921C11 /* Products */,
				5894532B63324685E9C0DAD4 /* Pods */,
				59A9BC513F1E04018595BE21 /* Frameworks */,
			);
			sourceTree = "<group>";
		};
		16E088EF230C676600921C11 /* Products */ = {
			isa = PBXGroup;
			children = (
				16E088EE230C676600921C11 /* stmovie.app */,
			);
			name = Products;
			sourceTree = "<group>";
		};
		16E088F0230C676600921C11 /* stmovie */ = {
			isa = PBXGroup;
			children = (
				A4BBF3902318E52B00E7B1D3 /* LottieAnimations */,
				16E088F1230C676600921C11 /* AppDelegate.swift */,
				16E088F3230C676600921C11 /* MainViewController.swift */,
				16345804231708C8000D572A /* SimpleVideoViewController.swift */,
				16E088F8230C676C00921C11 /* Assets.xcassets */,
				16E088FA230C676C00921C11 /* LaunchScreen.storyboard */,
				16E088FD230C676C00921C11 /* Info.plist */,
				A4BBF38E2318E1A200E7B1D3 /* LottieViewCell.swift */,
			);
			path = stmovie;
			sourceTree = "<group>";
		};
		5894532B63324685E9C0DAD4 /* Pods */ = {
			isa = PBXGroup;
			children = (
				2B3794DC36D336646815E447 /* Pods-stmovie.debug.xcconfig */,
				D9675536325CB34210FBEF5D /* Pods-stmovie.release.xcconfig */,
			);
			path = Pods;
			sourceTree = "<group>";
		};
		59A9BC513F1E04018595BE21 /* Frameworks */ = {
			isa = PBXGroup;
			children = (
				BB2FF6FAC6789D269E234A7F /* Pods_stmovie.framework */,
			);
			name = Frameworks;
			sourceTree = "<group>";
		};
		A4BBF3902318E52B00E7B1D3 /* LottieAnimations */ = {
			isa = PBXGroup;
			children = (
				A4BBF3992318E5F000E7B1D3 /* 9squares-AlBoardman.json */,
				A4BBF3952318E5F000E7B1D3 /* base64Test.json */,
				A4BBF3A32318E5F000E7B1D3 /* Boat_Loader.json */,
				A4BBF39A2318E5F000E7B1D3 /* FirstText.json */,
				A4BBF3A22318E5F000E7B1D3 /* GeometryTransformTest.json */,
				A4BBF3932318E5F000E7B1D3 /* HamburgerArrow.json */,
				A4BBF39F2318E5F000E7B1D3 /* IconTransitions.json */,
				A4BBF3942318E5F000E7B1D3 /* keypathTest.json */,
				A4BBF39B2318E5F000E7B1D3 /* LottieLogo1_masked.json */,
				A4BBF3912318E5EF00E7B1D3 /* LottieLogo1.json */,
				A4BBF3A12318E5F000E7B1D3 /* LottieLogo2.json */,
				A4BBF3922318E5EF00E7B1D3 /* MotionCorpse-Jrcanest.json */,
				A4BBF3A02318E5F000E7B1D3 /* PinJump.json */,
				A4BBF39E2318E5F000E7B1D3 /* setValueTest.json */,
				A4BBF3A42318E5F000E7B1D3 /* Switch_States.json */,
				A4BBF39C2318E5F000E7B1D3 /* Switch.json */,
				A4BBF3962318E5F000E7B1D3 /* timeremap.json */,
				A4BBF39D2318E5F000E7B1D3 /* TwitterHeart.json */,
				A4BBF3972318E5F000E7B1D3 /* TwitterHeartButton.json */,
				A4BBF3A72318E5F100E7B1D3 /* TypeFace */,
				A4BBF3982318E5F000E7B1D3 /* vcTransition1.json */,
				A4BBF3A52318E5F000E7B1D3 /* vcTransition2.json */,
				A4BBF3A62318E5F000E7B1D3 /* Watermelon.json */,
			);
			path = LottieAnimations;
			sourceTree = "<group>";
		};
/* End PBXGroup section */

/* Begin PBXNativeTarget section */
		16E088ED230C676600921C11 /* stmovie */ = {
			isa = PBXNativeTarget;
			buildConfigurationList = 16E08900230C676C00921C11 /* Build configuration list for PBXNativeTarget "stmovie" */;
			buildPhases = (
				FF8EC303EAEF36830289E050 /* [CP] Check Pods Manifest.lock */,
				16E088EA230C676600921C11 /* Sources */,
				16E088EB230C676600921C11 /* Frameworks */,
				16E088EC230C676600921C11 /* Resources */,
				6639C4F47EB8DE657F318E23 /* [CP] Embed Pods Frameworks */,
			);
			buildRules = (
			);
			dependencies = (
			);
			name = stmovie;
			productName = stmovie;
			productReference = 16E088EE230C676600921C11 /* stmovie.app */;
			productType = "com.apple.product-type.application";
		};
/* End PBXNativeTarget section */

/* Begin PBXProject section */
		16E088E6230C676600921C11 /* Project object */ = {
			isa = PBXProject;
			attributes = {
				LastSwiftUpdateCheck = 1020;
				LastUpgradeCheck = 1020;
				ORGANIZATIONNAME = azholonov;
				TargetAttributes = {
					16E088ED230C676600921C11 = {
						CreatedOnToolsVersion = 10.2.1;
					};
				};
			};
			buildConfigurationList = 16E088E9230C676600921C11 /* Build configuration list for PBXProject "stmovie" */;
			compatibilityVersion = "Xcode 9.3";
			developmentRegion = en;
			hasScannedForEncodings = 0;
			knownRegions = (
				en,
				Base,
			);
			mainGroup = 16E088E5230C676600921C11;
			productRefGroup = 16E088EF230C676600921C11 /* Products */;
			projectDirPath = "";
			projectRoot = "";
			targets = (
				16E088ED230C676600921C11 /* stmovie */,
			);
		};
/* End PBXProject section */

/* Begin PBXResourcesBuildPhase section */
		16E088EC230C676600921C11 /* Resources */ = {
			isa = PBXResourcesBuildPhase;
			buildActionMask = 2147483647;
			files = (
				A4BBF3C12318E7DA00E7B1D3 /* Assets.xcassets in Resources */,
				16E088FC230C676C00921C11 /* LaunchScreen.storyboard in Resources */,
			);
			runOnlyForDeploymentPostprocessing = 0;
		};
/* End PBXResourcesBuildPhase section */

/* Begin PBXShellScriptBuildPhase section */
		6639C4F47EB8DE657F318E23 /* [CP] Embed Pods Frameworks */ = {
			isa = PBXShellScriptBuildPhase;
			buildActionMask = 2147483647;
			files = (
			);
			inputFileListPaths = (
				"${PODS_ROOT}/Target Support Files/Pods-stmovie/Pods-stmovie-frameworks-${CONFIGURATION}-input-files.xcfilelist",
			);
			name = "[CP] Embed Pods Frameworks";
			outputFileListPaths = (
				"${PODS_ROOT}/Target Support Files/Pods-stmovie/Pods-stmovie-frameworks-${CONFIGURATION}-output-files.xcfilelist",
			);
			runOnlyForDeploymentPostprocessing = 0;
			shellPath = /bin/sh;
			shellScript = "\"${PODS_ROOT}/Target Support Files/Pods-stmovie/Pods-stmovie-frameworks.sh\"\n";
			showEnvVarsInLog = 0;
		};
		FF8EC303EAEF36830289E050 /* [CP] Check Pods Manifest.lock */ = {
			isa = PBXShellScriptBuildPhase;
			buildActionMask = 2147483647;
			files = (
			);
			inputFileListPaths = (
			);
			inputPaths = (
				"${PODS_PODFILE_DIR_PATH}/Podfile.lock",
				"${PODS_ROOT}/Manifest.lock",
			);
			name = "[CP] Check Pods Manifest.lock";
			outputFileListPaths = (
			);
			outputPaths = (
				"$(DERIVED_FILE_DIR)/Pods-stmovie-checkManifestLockResult.txt",
			);
			runOnlyForDeploymentPostprocessing = 0;
			shellPath = /bin/sh;
			shellScript = "diff \"${PODS_PODFILE_DIR_PATH}/Podfile.lock\" \"${PODS_ROOT}/Manifest.lock\" > /dev/null\nif [ $? != 0 ] ; then\n    # print error to STDERR\n    echo \"error: The sandbox is not in sync with the Podfile.lock. Run 'pod install' or update your CocoaPods installation.\" >&2\n    exit 1\nfi\n# This output is used by Xcode 'outputs' to avoid re-running this script phase.\necho \"SUCCESS\" > \"${SCRIPT_OUTPUT_FILE_0}\"\n";
			showEnvVarsInLog = 0;
		};
/* End PBXShellScriptBuildPhase section */

/* Begin PBXSourcesBuildPhase section */
		16E088EA230C676600921C11 /* Sources */ = {
			isa = PBXSourcesBuildPhase;
			buildActionMask = 2147483647;
			files = (
				16E088F4230C676600921C11 /* MainViewController.swift in Sources */,
				16E088F2230C676600921C11 /* AppDelegate.swift in Sources */,
				16345805231708C8000D572A /* SimpleVideoViewController.swift in Sources */,
				A4BBF38F2318E1A200E7B1D3 /* LottieViewCell.swift in Sources */,
			);
			runOnlyForDeploymentPostprocessing = 0;
		};
/* End PBXSourcesBuildPhase section */

/* Begin PBXVariantGroup section */
		16E088FA230C676C00921C11 /* LaunchScreen.storyboard */ = {
			isa = PBXVariantGroup;
			children = (
				16E088FB230C676C00921C11 /* Base */,
			);
			name = LaunchScreen.storyboard;
			sourceTree = "<group>";
		};
/* End PBXVariantGroup section */

/* Begin XCBuildConfiguration section */
		16E088FE230C676C00921C11 /* Debug */ = {
			isa = XCBuildConfiguration;
			buildSettings = {
				ALWAYS_SEARCH_USER_PATHS = NO;
				CLANG_ANALYZER_NONNULL = YES;
				CLANG_ANALYZER_NUMBER_OBJECT_CONVERSION = YES_AGGRESSIVE;
				CLANG_CXX_LANGUAGE_STANDARD = "gnu++14";
				CLANG_CXX_LIBRARY = "libc++";
				CLANG_ENABLE_MODULES = YES;
				CLANG_ENABLE_OBJC_ARC = YES;
				CLANG_ENABLE_OBJC_WEAK = YES;
				CLANG_WARN_BLOCK_CAPTURE_AUTORELEASING = YES;
				CLANG_WARN_BOOL_CONVERSION = YES;
				CLANG_WARN_COMMA = YES;
				CLANG_WARN_CONSTANT_CONVERSION = YES;
				CLANG_WARN_DEPRECATED_OBJC_IMPLEMENTATIONS = YES;
				CLANG_WARN_DIRECT_OBJC_ISA_USAGE = YES_ERROR;
				CLANG_WARN_DOCUMENTATION_COMMENTS = YES;
				CLANG_WARN_EMPTY_BODY = YES;
				CLANG_WARN_ENUM_CONVERSION = YES;
				CLANG_WARN_INFINITE_RECURSION = YES;
				CLANG_WARN_INT_CONVERSION = YES;
				CLANG_WARN_NON_LITERAL_NULL_CONVERSION = YES;
				CLANG_WARN_OBJC_IMPLICIT_RETAIN_SELF = YES;
				CLANG_WARN_OBJC_LITERAL_CONVERSION = YES;
				CLANG_WARN_OBJC_ROOT_CLASS = YES_ERROR;
				CLANG_WARN_RANGE_LOOP_ANALYSIS = YES;
				CLANG_WARN_STRICT_PROTOTYPES = YES;
				CLANG_WARN_SUSPICIOUS_MOVE = YES;
				CLANG_WARN_UNGUARDED_AVAILABILITY = YES_AGGRESSIVE;
				CLANG_WARN_UNREACHABLE_CODE = YES;
				CLANG_WARN__DUPLICATE_METHOD_MATCH = YES;
				CODE_SIGN_IDENTITY = "iPhone Developer";
				COPY_PHASE_STRIP = NO;
				DEBUG_INFORMATION_FORMAT = dwarf;
				ENABLE_STRICT_OBJC_MSGSEND = YES;
				ENABLE_TESTABILITY = YES;
				GCC_C_LANGUAGE_STANDARD = gnu11;
				GCC_DYNAMIC_NO_PIC = NO;
				GCC_NO_COMMON_BLOCKS = YES;
				GCC_OPTIMIZATION_LEVEL = 0;
				GCC_PREPROCESSOR_DEFINITIONS = (
					"DEBUG=1",
					"$(inherited)",
				);
				GCC_WARN_64_TO_32_BIT_CONVERSION = YES;
				GCC_WARN_ABOUT_RETURN_TYPE = YES_ERROR;
				GCC_WARN_UNDECLARED_SELECTOR = YES;
				GCC_WARN_UNINITIALIZED_AUTOS = YES_AGGRESSIVE;
				GCC_WARN_UNUSED_FUNCTION = YES;
				GCC_WARN_UNUSED_VARIABLE = YES;
				IPHONEOS_DEPLOYMENT_TARGET = 12.2;
				MTL_ENABLE_DEBUG_INFO = INCLUDE_SOURCE;
				MTL_FAST_MATH = YES;
				ONLY_ACTIVE_ARCH = YES;
				SDKROOT = iphoneos;
				SWIFT_ACTIVE_COMPILATION_CONDITIONS = DEBUG;
				SWIFT_OPTIMIZATION_LEVEL = "-Onone";
			};
			name = Debug;
		};
		16E088FF230C676C00921C11 /* Release */ = {
			isa = XCBuildConfiguration;
			buildSettings = {
				ALWAYS_SEARCH_USER_PATHS = NO;
				CLANG_ANALYZER_NONNULL = YES;
				CLANG_ANALYZER_NUMBER_OBJECT_CONVERSION = YES_AGGRESSIVE;
				CLANG_CXX_LANGUAGE_STANDARD = "gnu++14";
				CLANG_CXX_LIBRARY = "libc++";
				CLANG_ENABLE_MODULES = YES;
				CLANG_ENABLE_OBJC_ARC = YES;
				CLANG_ENABLE_OBJC_WEAK = YES;
				CLANG_WARN_BLOCK_CAPTURE_AUTORELEASING = YES;
				CLANG_WARN_BOOL_CONVERSION = YES;
				CLANG_WARN_COMMA = YES;
				CLANG_WARN_CONSTANT_CONVERSION = YES;
				CLANG_WARN_DEPRECATED_OBJC_IMPLEMENTATIONS = YES;
				CLANG_WARN_DIRECT_OBJC_ISA_USAGE = YES_ERROR;
				CLANG_WARN_DOCUMENTATION_COMMENTS = YES;
				CLANG_WARN_EMPTY_BODY = YES;
				CLANG_WARN_ENUM_CONVERSION = YES;
				CLANG_WARN_INFINITE_RECURSION = YES;
				CLANG_WARN_INT_CONVERSION = YES;
				CLANG_WARN_NON_LITERAL_NULL_CONVERSION = YES;
				CLANG_WARN_OBJC_IMPLICIT_RETAIN_SELF = YES;
				CLANG_WARN_OBJC_LITERAL_CONVERSION = YES;
				CLANG_WARN_OBJC_ROOT_CLASS = YES_ERROR;
				CLANG_WARN_RANGE_LOOP_ANALYSIS = YES;
				CLANG_WARN_STRICT_PROTOTYPES = YES;
				CLANG_WARN_SUSPICIOUS_MOVE = YES;
				CLANG_WARN_UNGUARDED_AVAILABILITY = YES_AGGRESSIVE;
				CLANG_WARN_UNREACHABLE_CODE = YES;
				CLANG_WARN__DUPLICATE_METHOD_MATCH = YES;
				CODE_SIGN_IDENTITY = "iPhone Developer";
				COPY_PHASE_STRIP = NO;
				DEBUG_INFORMATION_FORMAT = "dwarf-with-dsym";
				ENABLE_NS_ASSERTIONS = NO;
				ENABLE_STRICT_OBJC_MSGSEND = YES;
				GCC_C_LANGUAGE_STANDARD = gnu11;
				GCC_NO_COMMON_BLOCKS = YES;
				GCC_WARN_64_TO_32_BIT_CONVERSION = YES;
				GCC_WARN_ABOUT_RETURN_TYPE = YES_ERROR;
				GCC_WARN_UNDECLARED_SELECTOR = YES;
				GCC_WARN_UNINITIALIZED_AUTOS = YES_AGGRESSIVE;
				GCC_WARN_UNUSED_FUNCTION = YES;
				GCC_WARN_UNUSED_VARIABLE = YES;
				IPHONEOS_DEPLOYMENT_TARGET = 12.2;
				MTL_ENABLE_DEBUG_INFO = NO;
				MTL_FAST_MATH = YES;
				SDKROOT = iphoneos;
				SWIFT_COMPILATION_MODE = wholemodule;
				SWIFT_OPTIMIZATION_LEVEL = "-O";
				VALIDATE_PRODUCT = YES;
			};
			name = Release;
		};
		16E08901230C676C00921C11 /* Debug */ = {
			isa = XCBuildConfiguration;
			baseConfigurationReference = 2B3794DC36D336646815E447 /* Pods-stmovie.debug.xcconfig */;
			buildSettings = {
				ASSETCATALOG_COMPILER_APPICON_NAME = AppIcon;
				CODE_SIGN_STYLE = Automatic;
				DEVELOPMENT_TEAM = TEQEBKYT25;
				INFOPLIST_FILE = stmovie/Info.plist;
				LD_RUNPATH_SEARCH_PATHS = (
					"$(inherited)",
					"@executable_path/Frameworks",
				);
				PRODUCT_BUNDLE_IDENTIFIER = com.azholonov.stmovie;
				PRODUCT_NAME = "$(TARGET_NAME)";
				SWIFT_VERSION = 5.0;
				TARGETED_DEVICE_FAMILY = "1,2";
			};
			name = Debug;
		};
		16E08902230C676C00921C11 /* Release */ = {
			isa = XCBuildConfiguration;
			baseConfigurationReference = D9675536325CB34210FBEF5D /* Pods-stmovie.release.xcconfig */;
			buildSettings = {
				ASSETCATALOG_COMPILER_APPICON_NAME = AppIcon;
				CODE_SIGN_STYLE = Automatic;
				DEVELOPMENT_TEAM = TEQEBKYT25;
				INFOPLIST_FILE = stmovie/Info.plist;
				LD_RUNPATH_SEARCH_PATHS = (
					"$(inherited)",
					"@executable_path/Frameworks",
				);
				PRODUCT_BUNDLE_IDENTIFIER = com.azholonov.stmovie;
				PRODUCT_NAME = "$(TARGET_NAME)";
				SWIFT_VERSION = 5.0;
				TARGETED_DEVICE_FAMILY = "1,2";
			};
			name = Release;
		};
/* End XCBuildConfiguration section */

/* Begin XCConfigurationList section */
		16E088E9230C676600921C11 /* Build configuration list for PBXProject "stmovie" */ = {
			isa = XCConfigurationList;
			buildConfigurations = (
				16E088FE230C676C00921C11 /* Debug */,
				16E088FF230C676C00921C11 /* Release */,
			);
			defaultConfigurationIsVisible = 0;
			defaultConfigurationName = Release;
		};
		16E08900230C676C00921C11 /* Build configuration list for PBXNativeTarget "stmovie" */ = {
			isa = XCConfigurationList;
			buildConfigurations = (
				16E08901230C676C00921C11 /* Debug */,
				16E08902230C676C00921C11 /* Release */,
			);
			defaultConfigurationIsVisible = 0;
			defaultConfigurationName = Release;
		};
/* End XCConfigurationList section */
	};
	rootObject = 16E088E6230C676600921C11 /* Project object */;
}
